
Microsoft Visual Studio Solution File, Format Version 12.00
# Visual Studio Version 16
VisualStudioVersion = 16.0.30320.27
MinimumVisualStudioVersion = 10.0.40219.1
Project("{FAE04EC0-301F-11D3-BF4B-00C04F79EFBC}") = "VaterpoloKlub", "VaterpoloKlub\VaterpoloKlub.csproj", "{FAF3DB8B-D1D8-4E03-AA85-C8B797830FB1}"
EndProject
Global
	GlobalSection(SolutionConfigurationPlatforms) = preSolution
		Debug|Any CPU = Debug|Any CPU
		Release|Any CPU = Release|Any CPU
	EndGlobalSection
	GlobalSection(ProjectConfigurationPlatforms) = postSolution
		{FAF3DB8B-D1D8-4E03-AA85-C8B797830FB1}.Debug|Any CPU.ActiveCfg = Debug|Any CPU
		{FAF3DB8B-D1D8-4E03-AA85-C8B797830FB1}.Debug|Any CPU.Build.0 = Debug|Any CPU
		{FAF3DB8B-D1D8-4E03-AA85-C8B797830FB1}.Release|Any CPU.ActiveCfg = Release|Any CPU
		{FAF3DB8B-D1D8-4E03-AA85-C8B797830FB1}.Release|Any CPU.Build.0 = Release|Any CPU
	EndGlobalSection
	GlobalSection(SolutionProperties) = preSolution
		HideSolutionNode = FALSE
	EndGlobalSection
	GlobalSection(ExtensibilityGlobals) = postSolution
		SolutionGuid = {D5BF191A-6EF3-4CB2-A557-6E7DA0EBA12F}
	EndGlobalSection
EndGlobal
